// !$*UTF8*$!
{
	archiveVersion = 1;
	classes = {
	};
	objectVersion = 55;
	objects = {

/* Begin PBXBuildFile section */
		3B0DD7402780E31700A1591C /* Int+Ext.swift in Sources */ = {isa = PBXBuildFile; fileRef = 3B0DD73F2780E31700A1591C /* Int+Ext.swift */; };
		3B0DD74327810C1900A1591C /* NotificationsManager.swift in Sources */ = {isa = PBXBuildFile; fileRef = 3B0DD74227810C1900A1591C /* NotificationsManager.swift */; };
		3B0DD74627810ECE00A1591C /* InfoOverlayView.swift in Sources */ = {isa = PBXBuildFile; fileRef = 3B0DD74527810ECE00A1591C /* InfoOverlayView.swift */; };
		3B0DD74827810FAF00A1591C /* HomeView.swift in Sources */ = {isa = PBXBuildFile; fileRef = 3B0DD74727810FAF00A1591C /* HomeView.swift */; };
		3B0DD74A2781200100A1591C /* ReminderRowView.swift in Sources */ = {isa = PBXBuildFile; fileRef = 3B0DD7492781200100A1591C /* ReminderRowView.swift */; };
		3B0DD74C2781245500A1591C /* ReminderRowViewModel.swift in Sources */ = {isa = PBXBuildFile; fileRef = 3B0DD74B2781245500A1591C /* ReminderRowViewModel.swift */; };
		3B0DD74E2781381F00A1591C /* Date+Ext.swift in Sources */ = {isa = PBXBuildFile; fileRef = 3B0DD74D2781381F00A1591C /* Date+Ext.swift */; };
		3B0DD75027815EEC00A1591C /* EditReminderView.swift in Sources */ = {isa = PBXBuildFile; fileRef = 3B0DD74F27815EEC00A1591C /* EditReminderView.swift */; };
		3B0DD75327815F0900A1591C /* EditReminderViewModel.swift in Sources */ = {isa = PBXBuildFile; fileRef = 3B0DD75227815F0900A1591C /* EditReminderViewModel.swift */; };
		3B21090E278A89D700300ED1 /* InfoPlist.strings in Resources */ = {isa = PBXBuildFile; fileRef = 3B210910278A89D700300ED1 /* InfoPlist.strings */; };
		3B288854278336FC00760EE2 /* SmallCardView.swift in Sources */ = {isa = PBXBuildFile; fileRef = 3B288853278336FC00760EE2 /* SmallCardView.swift */; };
		3B2888582785014400760EE2 /* DailyReminderEditView.swift in Sources */ = {isa = PBXBuildFile; fileRef = 3B2888572785014400760EE2 /* DailyReminderEditView.swift */; };
		3B28885A2785062400760EE2 /* WeeklyReminderEditView.swift in Sources */ = {isa = PBXBuildFile; fileRef = 3B2888592785062400760EE2 /* WeeklyReminderEditView.swift */; };
		3B28885D27850CF100760EE2 /* WeeklySingleDayEditView.swift in Sources */ = {isa = PBXBuildFile; fileRef = 3B28885C27850CF100760EE2 /* WeeklySingleDayEditView.swift */; };
		3B28887B278670C100760EE2 /* DurationPickerView.swift in Sources */ = {isa = PBXBuildFile; fileRef = 3B28887A278670C000760EE2 /* DurationPickerView.swift */; };
		3B28887D27868ED100760EE2 /* CustomBackButtonView.swift in Sources */ = {isa = PBXBuildFile; fileRef = 3B28887C27868ED100760EE2 /* CustomBackButtonView.swift */; };
		3B28888227892DBF00760EE2 /* Localizable.strings in Resources */ = {isa = PBXBuildFile; fileRef = 3B28888427892DBF00760EE2 /* Localizable.strings */; };
		3B28888F27895C7A00760EE2 /* Localizable.stringsdict in Resources */ = {isa = PBXBuildFile; fileRef = 3B28889127895C7A00760EE2 /* Localizable.stringsdict */; };
		3B3546EE2794814000ABA1E6 /* noti.caf in Resources */ = {isa = PBXBuildFile; fileRef = 3B3546ED2794814000ABA1E6 /* noti.caf */; };
		3BF7C201277E6BA0003CA5F9 /* RoutineReminderApp.swift in Sources */ = {isa = PBXBuildFile; fileRef = 3BF7C200277E6BA0003CA5F9 /* RoutineReminderApp.swift */; };
		3BF7C203277E6BA0003CA5F9 /* RemindersListView.swift in Sources */ = {isa = PBXBuildFile; fileRef = 3BF7C202277E6BA0003CA5F9 /* RemindersListView.swift */; };
		3BF7C205277E6BA1003CA5F9 /* Assets.xcassets in Resources */ = {isa = PBXBuildFile; fileRef = 3BF7C204277E6BA1003CA5F9 /* Assets.xcassets */; };
		3BF7C208277E6BA1003CA5F9 /* Preview Assets.xcassets in Resources */ = {isa = PBXBuildFile; fileRef = 3BF7C207277E6BA1003CA5F9 /* Preview Assets.xcassets */; };
		3BF7C210277E71FF003CA5F9 /* DataController.swift in Sources */ = {isa = PBXBuildFile; fileRef = 3BF7C20F277E71FF003CA5F9 /* DataController.swift */; };
		3BF7C219277E7C3F003CA5F9 /* Main.xcdatamodeld in Sources */ = {isa = PBXBuildFile; fileRef = 3BF7C217277E7C3F003CA5F9 /* Main.xcdatamodeld */; };
		3BF7C21B277E86D2003CA5F9 /* Reminder+Ext.swift in Sources */ = {isa = PBXBuildFile; fileRef = 3BF7C21A277E86D2003CA5F9 /* Reminder+Ext.swift */; };
		3BF7C21E277E9384003CA5F9 /* DataController+Ext.swift in Sources */ = {isa = PBXBuildFile; fileRef = 3BF7C21D277E9384003CA5F9 /* DataController+Ext.swift */; };
		3BF7C221277E9E02003CA5F9 /* ReminderListViewModel.swift in Sources */ = {isa = PBXBuildFile; fileRef = 3BF7C220277E9E02003CA5F9 /* ReminderListViewModel.swift */; };
/* End PBXBuildFile section */

/* Begin PBXFileReference section */
		3B0DD73F2780E31700A1591C /* Int+Ext.swift */ = {isa = PBXFileReference; lastKnownFileType = sourcecode.swift; path = "Int+Ext.swift"; sourceTree = "<group>"; };
		3B0DD74227810C1900A1591C /* NotificationsManager.swift */ = {isa = PBXFileReference; lastKnownFileType = sourcecode.swift; path = NotificationsManager.swift; sourceTree = "<group>"; };
		3B0DD74527810ECE00A1591C /* InfoOverlayView.swift */ = {isa = PBXFileReference; lastKnownFileType = sourcecode.swift; path = InfoOverlayView.swift; sourceTree = "<group>"; };
		3B0DD74727810FAF00A1591C /* HomeView.swift */ = {isa = PBXFileReference; lastKnownFileType = sourcecode.swift; path = HomeView.swift; sourceTree = "<group>"; };
		3B0DD7492781200100A1591C /* ReminderRowView.swift */ = {isa = PBXFileReference; lastKnownFileType = sourcecode.swift; path = ReminderRowView.swift; sourceTree = "<group>"; };
		3B0DD74B2781245500A1591C /* ReminderRowViewModel.swift */ = {isa = PBXFileReference; lastKnownFileType = sourcecode.swift; path = ReminderRowViewModel.swift; sourceTree = "<group>"; };
		3B0DD74D2781381F00A1591C /* Date+Ext.swift */ = {isa = PBXFileReference; lastKnownFileType = sourcecode.swift; path = "Date+Ext.swift"; sourceTree = "<group>"; };
		3B0DD74F27815EEC00A1591C /* EditReminderView.swift */ = {isa = PBXFileReference; lastKnownFileType = sourcecode.swift; path = EditReminderView.swift; sourceTree = "<group>"; };
		3B0DD75227815F0900A1591C /* EditReminderViewModel.swift */ = {isa = PBXFileReference; lastKnownFileType = sourcecode.swift; path = EditReminderViewModel.swift; sourceTree = "<group>"; };
		3B0DD7542782D11500A1591C /* RoutineReminder.entitlements */ = {isa = PBXFileReference; lastKnownFileType = text.plist.entitlements; path = RoutineReminder.entitlements; sourceTree = "<group>"; };
		3B2108F62789613D00300ED1 /* ar */ = {isa = PBXFileReference; fileEncoding = 4; lastKnownFileType = text.plist.stringsdict; name = ar; path = ar.lproj/Localizable.stringsdict; sourceTree = "<group>"; };
		3B21090F278A89D700300ED1 /* Base */ = {isa = PBXFileReference; lastKnownFileType = text.plist.strings; name = Base; path = Base.lproj/InfoPlist.strings; sourceTree = "<group>"; };
		3B210911278A8A0A00300ED1 /* en */ = {isa = PBXFileReference; lastKnownFileType = text.plist.strings; name = en; path = en.lproj/InfoPlist.strings; sourceTree = "<group>"; };
		3B210912278A8A0B00300ED1 /* ar */ = {isa = PBXFileReference; fileEncoding = 4; lastKnownFileType = text.plist.strings; name = ar; path = ar.lproj/InfoPlist.strings; sourceTree = "<group>"; };
		3B288853278336FC00760EE2 /* SmallCardView.swift */ = {isa = PBXFileReference; lastKnownFileType = sourcecode.swift; path = SmallCardView.swift; sourceTree = "<group>"; };
		3B2888572785014400760EE2 /* DailyReminderEditView.swift */ = {isa = PBXFileReference; lastKnownFileType = sourcecode.swift; path = DailyReminderEditView.swift; sourceTree = "<group>"; };
		3B2888592785062400760EE2 /* WeeklyReminderEditView.swift */ = {isa = PBXFileReference; lastKnownFileType = sourcecode.swift; path = WeeklyReminderEditView.swift; sourceTree = "<group>"; };
		3B28885C27850CF100760EE2 /* WeeklySingleDayEditView.swift */ = {isa = PBXFileReference; lastKnownFileType = sourcecode.swift; path = WeeklySingleDayEditView.swift; sourceTree = "<group>"; };
		3B28887A278670C000760EE2 /* DurationPickerView.swift */ = {isa = PBXFileReference; lastKnownFileType = sourcecode.swift; path = DurationPickerView.swift; sourceTree = "<group>"; };
		3B28887C27868ED100760EE2 /* CustomBackButtonView.swift */ = {isa = PBXFileReference; lastKnownFileType = sourcecode.swift; path = CustomBackButtonView.swift; sourceTree = "<group>"; };
		3B28888327892DBF00760EE2 /* en */ = {isa = PBXFileReference; lastKnownFileType = text.plist.strings; name = en; path = en.lproj/Localizable.strings; sourceTree = "<group>"; };
		3B28888527892E0700760EE2 /* ar */ = {isa = PBXFileReference; lastKnownFileType = text.plist.strings; name = ar; path = ar.lproj/Localizable.strings; sourceTree = "<group>"; };
		3B28889027895C7A00760EE2 /* en */ = {isa = PBXFileReference; lastKnownFileType = text.plist.stringsdict; name = en; path = en.lproj/Localizable.stringsdict; sourceTree = "<group>"; };
		3B3546ED2794814000ABA1E6 /* noti.caf */ = {isa = PBXFileReference; lastKnownFileType = file; path = noti.caf; sourceTree = "<group>"; };
		3BF7C1FD277E6BA0003CA5F9 /* RoutineReminder.app */ = {isa = PBXFileReference; explicitFileType = wrapper.application; includeInIndex = 0; path = RoutineReminder.app; sourceTree = BUILT_PRODUCTS_DIR; };
		3BF7C200277E6BA0003CA5F9 /* RoutineReminderApp.swift */ = {isa = PBXFileReference; lastKnownFileType = sourcecode.swift; path = RoutineReminderApp.swift; sourceTree = "<group>"; };
		3BF7C202277E6BA0003CA5F9 /* RemindersListView.swift */ = {isa = PBXFileReference; lastKnownFileType = sourcecode.swift; path = RemindersListView.swift; sourceTree = "<group>"; };
		3BF7C204277E6BA1003CA5F9 /* Assets.xcassets */ = {isa = PBXFileReference; lastKnownFileType = folder.assetcatalog; path = Assets.xcassets; sourceTree = "<group>"; };
		3BF7C207277E6BA1003CA5F9 /* Preview Assets.xcassets */ = {isa = PBXFileReference; lastKnownFileType = folder.assetcatalog; path = "Preview Assets.xcassets"; sourceTree = "<group>"; };
		3BF7C20F277E71FF003CA5F9 /* DataController.swift */ = {isa = PBXFileReference; lastKnownFileType = sourcecode.swift; path = DataController.swift; sourceTree = "<group>"; };
		3BF7C213277E77C6003CA5F9 /* CloudKit.framework */ = {isa = PBXFileReference; lastKnownFileType = wrapper.framework; name = CloudKit.framework; path = System/Library/Frameworks/CloudKit.framework; sourceTree = SDKROOT; };
		3BF7C215277E7843003CA5F9 /* Info.plist */ = {isa = PBXFileReference; lastKnownFileType = text.plist; path = Info.plist; sourceTree = "<group>"; };
		3BF7C218277E7C3F003CA5F9 /* Main.xcdatamodel */ = {isa = PBXFileReference; lastKnownFileType = wrapper.xcdatamodel; path = Main.xcdatamodel; sourceTree = "<group>"; };
		3BF7C21A277E86D2003CA5F9 /* Reminder+Ext.swift */ = {isa = PBXFileReference; lastKnownFileType = sourcecode.swift; path = "Reminder+Ext.swift"; sourceTree = "<group>"; };
		3BF7C21D277E9384003CA5F9 /* DataController+Ext.swift */ = {isa = PBXFileReference; lastKnownFileType = sourcecode.swift; path = "DataController+Ext.swift"; sourceTree = "<group>"; };
		3BF7C220277E9E02003CA5F9 /* ReminderListViewModel.swift */ = {isa = PBXFileReference; lastKnownFileType = sourcecode.swift; path = ReminderListViewModel.swift; sourceTree = "<group>"; };
/* End PBXFileReference section */

/* Begin PBXFrameworksBuildPhase section */
		3BF7C1FA277E6BA0003CA5F9 /* Frameworks */ = {
			isa = PBXFrameworksBuildPhase;
			buildActionMask = 2147483647;
			files = (
			);
			runOnlyForDeploymentPostprocessing = 0;
		};
/* End PBXFrameworksBuildPhase section */

/* Begin PBXGroup section */
		3B0DD7412780E34B00A1591C /* Ext */ = {
			isa = PBXGroup;
			children = (
				3B0DD73F2780E31700A1591C /* Int+Ext.swift */,
				3B0DD74D2781381F00A1591C /* Date+Ext.swift */,
			);
			path = Ext;
			sourceTree = "<group>";
		};
		3B0DD74427810EB500A1591C /* UIComponents */ = {
			isa = PBXGroup;
			children = (
				3B0DD75127815EF400A1591C /* EditReminder */,
				3B0DD74527810ECE00A1591C /* InfoOverlayView.swift */,
				3B288853278336FC00760EE2 /* SmallCardView.swift */,
				3B28887A278670C000760EE2 /* DurationPickerView.swift */,
				3B28887C27868ED100760EE2 /* CustomBackButtonView.swift */,
			);
			path = UIComponents;
			sourceTree = "<group>";
		};
		3B0DD75127815EF400A1591C /* EditReminder */ = {
			isa = PBXGroup;
			children = (
				3B28885B27850C6C00760EE2 /* WeeklyReminderEdit */,
				3B0DD74F27815EEC00A1591C /* EditReminderView.swift */,
				3B0DD75227815F0900A1591C /* EditReminderViewModel.swift */,
				3B2888572785014400760EE2 /* DailyReminderEditView.swift */,
			);
			path = EditReminder;
			sourceTree = "<group>";
		};
		3B28885B27850C6C00760EE2 /* WeeklyReminderEdit */ = {
			isa = PBXGroup;
			children = (
				3B2888592785062400760EE2 /* WeeklyReminderEditView.swift */,
				3B28885C27850CF100760EE2 /* WeeklySingleDayEditView.swift */,
			);
			path = WeeklyReminderEdit;
			sourceTree = "<group>";
		};
		3B28887F27869C9100760EE2 /* ReminderListRow */ = {
			isa = PBXGroup;
			children = (
				3B0DD7492781200100A1591C /* ReminderRowView.swift */,
				3B0DD74B2781245500A1591C /* ReminderRowViewModel.swift */,
			);
			path = ReminderListRow;
			sourceTree = "<group>";
		};
		3BF7C1F4277E6BA0003CA5F9 = {
			isa = PBXGroup;
			children = (
				3B210910278A89D700300ED1 /* InfoPlist.strings */,
				3BF7C1FF277E6BA0003CA5F9 /* RoutineReminder */,
				3BF7C1FE277E6BA0003CA5F9 /* Products */,
				3BF7C212277E77C6003CA5F9 /* Frameworks */,
			);
			sourceTree = "<group>";
		};
		3BF7C1FE277E6BA0003CA5F9 /* Products */ = {
			isa = PBXGroup;
			children = (
				3BF7C1FD277E6BA0003CA5F9 /* RoutineReminder.app */,
			);
			name = Products;
			sourceTree = "<group>";
		};
		3BF7C1FF277E6BA0003CA5F9 /* RoutineReminder */ = {
			isa = PBXGroup;
			children = (
				3B3546ED2794814000ABA1E6 /* noti.caf */,
				3B28889127895C7A00760EE2 /* Localizable.stringsdict */,
				3B0DD7542782D11500A1591C /* RoutineReminder.entitlements */,
				3B0DD74427810EB500A1591C /* UIComponents */,
				3B0DD7412780E34B00A1591C /* Ext */,
				3BF7C20E277E71E9003CA5F9 /* CoreData */,
				3BF7C21C277E8976003CA5F9 /* Screens */,
				3BF7C200277E6BA0003CA5F9 /* RoutineReminderApp.swift */,
				3BF7C204277E6BA1003CA5F9 /* Assets.xcassets */,
				3BF7C215277E7843003CA5F9 /* Info.plist */,
				3BF7C206277E6BA1003CA5F9 /* Preview Content */,
				3B0DD74227810C1900A1591C /* NotificationsManager.swift */,
				3B28888427892DBF00760EE2 /* Localizable.strings */,
			);
			path = RoutineReminder;
			sourceTree = "<group>";
		};
		3BF7C206277E6BA1003CA5F9 /* Preview Content */ = {
			isa = PBXGroup;
			children = (
				3BF7C207277E6BA1003CA5F9 /* Preview Assets.xcassets */,
			);
			path = "Preview Content";
			sourceTree = "<group>";
		};
		3BF7C20E277E71E9003CA5F9 /* CoreData */ = {
			isa = PBXGroup;
			children = (
				3BF7C20F277E71FF003CA5F9 /* DataController.swift */,
				3BF7C21D277E9384003CA5F9 /* DataController+Ext.swift */,
				3BF7C217277E7C3F003CA5F9 /* Main.xcdatamodeld */,
				3BF7C21A277E86D2003CA5F9 /* Reminder+Ext.swift */,
			);
			path = CoreData;
			sourceTree = "<group>";
		};
		3BF7C212277E77C6003CA5F9 /* Frameworks */ = {
			isa = PBXGroup;
			children = (
				3BF7C213277E77C6003CA5F9 /* CloudKit.framework */,
			);
			name = Frameworks;
			sourceTree = "<group>";
		};
		3BF7C21C277E8976003CA5F9 /* Screens */ = {
			isa = PBXGroup;
			children = (
				3BF7C21F277E9DD4003CA5F9 /* ReminderList */,
				3B0DD74727810FAF00A1591C /* HomeView.swift */,
			);
			path = Screens;
			sourceTree = "<group>";
		};
		3BF7C21F277E9DD4003CA5F9 /* ReminderList */ = {
			isa = PBXGroup;
			children = (
				3B28887F27869C9100760EE2 /* ReminderListRow */,
				3BF7C202277E6BA0003CA5F9 /* RemindersListView.swift */,
				3BF7C220277E9E02003CA5F9 /* ReminderListViewModel.swift */,
			);
			path = ReminderList;
			sourceTree = "<group>";
		};
/* End PBXGroup section */

/* Begin PBXNativeTarget section */
		3BF7C1FC277E6BA0003CA5F9 /* RoutineReminder */ = {
			isa = PBXNativeTarget;
			buildConfigurationList = 3BF7C20B277E6BA1003CA5F9 /* Build configuration list for PBXNativeTarget "RoutineReminder" */;
			buildPhases = (
				3BF7C1F9277E6BA0003CA5F9 /* Sources */,
				3BF7C1FA277E6BA0003CA5F9 /* Frameworks */,
				3BF7C1FB277E6BA0003CA5F9 /* Resources */,
				3BF7C216277E7B47003CA5F9 /* ShellScript */,
			);
			buildRules = (
			);
			dependencies = (
			);
			name = RoutineReminder;
			productName = RoutineReminder;
			productReference = 3BF7C1FD277E6BA0003CA5F9 /* RoutineReminder.app */;
			productType = "com.apple.product-type.application";
		};
/* End PBXNativeTarget section */

/* Begin PBXProject section */
		3BF7C1F5277E6BA0003CA5F9 /* Project object */ = {
			isa = PBXProject;
			attributes = {
				BuildIndependentTargetsInParallel = 1;
				LastSwiftUpdateCheck = 1320;
				LastUpgradeCheck = 1320;
				TargetAttributes = {
					3BF7C1FC277E6BA0003CA5F9 = {
						CreatedOnToolsVersion = 13.2.1;
					};
				};
			};
			buildConfigurationList = 3BF7C1F8277E6BA0003CA5F9 /* Build configuration list for PBXProject "RoutineReminder" */;
			compatibilityVersion = "Xcode 13.0";
			developmentRegion = en;
			hasScannedForEncodings = 0;
			knownRegions = (
				en,
				Base,
				ar,
			);
			mainGroup = 3BF7C1F4277E6BA0003CA5F9;
			productRefGroup = 3BF7C1FE277E6BA0003CA5F9 /* Products */;
			projectDirPath = "";
			projectRoot = "";
			targets = (
				3BF7C1FC277E6BA0003CA5F9 /* RoutineReminder */,
			);
		};
/* End PBXProject section */

/* Begin PBXResourcesBuildPhase section */
		3BF7C1FB277E6BA0003CA5F9 /* Resources */ = {
			isa = PBXResourcesBuildPhase;
			buildActionMask = 2147483647;
			files = (
				3B3546EE2794814000ABA1E6 /* noti.caf in Resources */,
				3BF7C208277E6BA1003CA5F9 /* Preview Assets.xcassets in Resources */,
				3B21090E278A89D700300ED1 /* InfoPlist.strings in Resources */,
				3B28888227892DBF00760EE2 /* Localizable.strings in Resources */,
				3B28888F27895C7A00760EE2 /* Localizable.stringsdict in Resources */,
				3BF7C205277E6BA1003CA5F9 /* Assets.xcassets in Resources */,
			);
			runOnlyForDeploymentPostprocessing = 0;
		};
/* End PBXResourcesBuildPhase section */

/* Begin PBXShellScriptBuildPhase section */
		3BF7C216277E7B47003CA5F9 /* ShellScript */ = {
			isa = PBXShellScriptBuildPhase;
			buildActionMask = 2147483647;
			files = (
			);
			inputFileListPaths = (
			);
			inputPaths = (
			);
			outputFileListPaths = (
			);
			outputPaths = (
			);
			runOnlyForDeploymentPostprocessing = 0;
			shellPath = /bin/sh;
			shellScript = "if which swiftlint >/dev/null; then\n  swiftlint\nelse\n  echo \"warning: SwiftLint not installed, download from https://github.com/realm/SwiftLint\"\nfi\n";
		};
/* End PBXShellScriptBuildPhase section */

/* Begin PBXSourcesBuildPhase section */
		3BF7C1F9277E6BA0003CA5F9 /* Sources */ = {
			isa = PBXSourcesBuildPhase;
			buildActionMask = 2147483647;
			files = (
				3B0DD74C2781245500A1591C /* ReminderRowViewModel.swift in Sources */,
				3BF7C210277E71FF003CA5F9 /* DataController.swift in Sources */,
				3B28887B278670C100760EE2 /* DurationPickerView.swift in Sources */,
				3B0DD74A2781200100A1591C /* ReminderRowView.swift in Sources */,
				3B0DD74627810ECE00A1591C /* InfoOverlayView.swift in Sources */,
				3B28887D27868ED100760EE2 /* CustomBackButtonView.swift in Sources */,
				3BF7C203277E6BA0003CA5F9 /* RemindersListView.swift in Sources */,
				3B0DD74E2781381F00A1591C /* Date+Ext.swift in Sources */,
				3B0DD75027815EEC00A1591C /* EditReminderView.swift in Sources */,
				3BF7C21B277E86D2003CA5F9 /* Reminder+Ext.swift in Sources */,
				3BF7C219277E7C3F003CA5F9 /* Main.xcdatamodeld in Sources */,
				3B28885D27850CF100760EE2 /* WeeklySingleDayEditView.swift in Sources */,
				3B0DD74827810FAF00A1591C /* HomeView.swift in Sources */,
				3B2888582785014400760EE2 /* DailyReminderEditView.swift in Sources */,
				3BF7C21E277E9384003CA5F9 /* DataController+Ext.swift in Sources */,
				3B288854278336FC00760EE2 /* SmallCardView.swift in Sources */,
				3B0DD74327810C1900A1591C /* NotificationsManager.swift in Sources */,
				3BF7C201277E6BA0003CA5F9 /* RoutineReminderApp.swift in Sources */,
				3BF7C221277E9E02003CA5F9 /* ReminderListViewModel.swift in Sources */,
				3B0DD75327815F0900A1591C /* EditReminderViewModel.swift in Sources */,
				3B0DD7402780E31700A1591C /* Int+Ext.swift in Sources */,
				3B28885A2785062400760EE2 /* WeeklyReminderEditView.swift in Sources */,
			);
			runOnlyForDeploymentPostprocessing = 0;
		};
/* End PBXSourcesBuildPhase section */

/* Begin PBXVariantGroup section */
		3B210910278A89D700300ED1 /* InfoPlist.strings */ = {
			isa = PBXVariantGroup;
			children = (
				3B21090F278A89D700300ED1 /* Base */,
				3B210911278A8A0A00300ED1 /* en */,
				3B210912278A8A0B00300ED1 /* ar */,
			);
			name = InfoPlist.strings;
			sourceTree = "<group>";
		};
		3B28888427892DBF00760EE2 /* Localizable.strings */ = {
			isa = PBXVariantGroup;
			children = (
				3B28888327892DBF00760EE2 /* en */,
				3B28888527892E0700760EE2 /* ar */,
			);
			name = Localizable.strings;
			sourceTree = "<group>";
		};
		3B28889127895C7A00760EE2 /* Localizable.stringsdict */ = {
			isa = PBXVariantGroup;
			children = (
				3B28889027895C7A00760EE2 /* en */,
				3B2108F62789613D00300ED1 /* ar */,
			);
			name = Localizable.stringsdict;
			sourceTree = "<group>";
		};
/* End PBXVariantGroup section */

/* Begin XCBuildConfiguration section */
		3BF7C209277E6BA1003CA5F9 /* Debug */ = {
			isa = XCBuildConfiguration;
			buildSettings = {
				ALWAYS_SEARCH_USER_PATHS = NO;
				CLANG_ANALYZER_LOCALIZABILITY_NONLOCALIZED = YES;
				CLANG_ANALYZER_NONNULL = YES;
				CLANG_ANALYZER_NUMBER_OBJECT_CONVERSION = YES_AGGRESSIVE;
				CLANG_CXX_LANGUAGE_STANDARD = "gnu++17";
				CLANG_CXX_LIBRARY = "libc++";
				CLANG_ENABLE_MODULES = YES;
				CLANG_ENABLE_OBJC_ARC = YES;
				CLANG_ENABLE_OBJC_WEAK = YES;
				CLANG_WARN_BLOCK_CAPTURE_AUTORELEASING = YES;
				CLANG_WARN_BOOL_CONVERSION = YES;
				CLANG_WARN_COMMA = YES;
				CLANG_WARN_CONSTANT_CONVERSION = YES;
				CLANG_WARN_DEPRECATED_OBJC_IMPLEMENTATIONS = YES;
				CLANG_WARN_DIRECT_OBJC_ISA_USAGE = YES_ERROR;
				CLANG_WARN_DOCUMENTATION_COMMENTS = YES;
				CLANG_WARN_EMPTY_BODY = YES;
				CLANG_WARN_ENUM_CONVERSION = YES;
				CLANG_WARN_INFINITE_RECURSION = YES;
				CLANG_WARN_INT_CONVERSION = YES;
				CLANG_WARN_NON_LITERAL_NULL_CONVERSION = YES;
				CLANG_WARN_OBJC_IMPLICIT_RETAIN_SELF = YES;
				CLANG_WARN_OBJC_LITERAL_CONVERSION = YES;
				CLANG_WARN_OBJC_ROOT_CLASS = YES_ERROR;
				CLANG_WARN_QUOTED_INCLUDE_IN_FRAMEWORK_HEADER = YES;
				CLANG_WARN_RANGE_LOOP_ANALYSIS = YES;
				CLANG_WARN_STRICT_PROTOTYPES = YES;
				CLANG_WARN_SUSPICIOUS_MOVE = YES;
				CLANG_WARN_UNGUARDED_AVAILABILITY = YES_AGGRESSIVE;
				CLANG_WARN_UNREACHABLE_CODE = YES;
				CLANG_WARN__DUPLICATE_METHOD_MATCH = YES;
				COPY_PHASE_STRIP = NO;
				DEBUG_INFORMATION_FORMAT = dwarf;
				ENABLE_STRICT_OBJC_MSGSEND = YES;
				ENABLE_TESTABILITY = YES;
				GCC_C_LANGUAGE_STANDARD = gnu11;
				GCC_DYNAMIC_NO_PIC = NO;
				GCC_NO_COMMON_BLOCKS = YES;
				GCC_OPTIMIZATION_LEVEL = 0;
				GCC_PREPROCESSOR_DEFINITIONS = (
					"DEBUG=1",
					"$(inherited)",
				);
				GCC_WARN_64_TO_32_BIT_CONVERSION = YES;
				GCC_WARN_ABOUT_RETURN_TYPE = YES_ERROR;
				GCC_WARN_UNDECLARED_SELECTOR = YES;
				GCC_WARN_UNINITIALIZED_AUTOS = YES_AGGRESSIVE;
				GCC_WARN_UNUSED_FUNCTION = YES;
				GCC_WARN_UNUSED_VARIABLE = YES;
				IPHONEOS_DEPLOYMENT_TARGET = 15.0;
				MTL_ENABLE_DEBUG_INFO = INCLUDE_SOURCE;
				MTL_FAST_MATH = YES;
				ONLY_ACTIVE_ARCH = YES;
				SDKROOT = iphoneos;
				SWIFT_ACTIVE_COMPILATION_CONDITIONS = DEBUG;
				SWIFT_OPTIMIZATION_LEVEL = "-Onone";
			};
			name = Debug;
		};
		3BF7C20A277E6BA1003CA5F9 /* Release */ = {
			isa = XCBuildConfiguration;
			buildSettings = {
				ALWAYS_SEARCH_USER_PATHS = NO;
				CLANG_ANALYZER_LOCALIZABILITY_NONLOCALIZED = YES;
				CLANG_ANALYZER_NONNULL = YES;
				CLANG_ANALYZER_NUMBER_OBJECT_CONVERSION = YES_AGGRESSIVE;
				CLANG_CXX_LANGUAGE_STANDARD = "gnu++17";
				CLANG_CXX_LIBRARY = "libc++";
				CLANG_ENABLE_MODULES = YES;
				CLANG_ENABLE_OBJC_ARC = YES;
				CLANG_ENABLE_OBJC_WEAK = YES;
				CLANG_WARN_BLOCK_CAPTURE_AUTORELEASING = YES;
				CLANG_WARN_BOOL_CONVERSION = YES;
				CLANG_WARN_COMMA = YES;
				CLANG_WARN_CONSTANT_CONVERSION = YES;
				CLANG_WARN_DEPRECATED_OBJC_IMPLEMENTATIONS = YES;
				CLANG_WARN_DIRECT_OBJC_ISA_USAGE = YES_ERROR;
				CLANG_WARN_DOCUMENTATION_COMMENTS = YES;
				CLANG_WARN_EMPTY_BODY = YES;
				CLANG_WARN_ENUM_CONVERSION = YES;
				CLANG_WARN_INFINITE_RECURSION = YES;
				CLANG_WARN_INT_CONVERSION = YES;
				CLANG_WARN_NON_LITERAL_NULL_CONVERSION = YES;
				CLANG_WARN_OBJC_IMPLICIT_RETAIN_SELF = YES;
				CLANG_WARN_OBJC_LITERAL_CONVERSION = YES;
				CLANG_WARN_OBJC_ROOT_CLASS = YES_ERROR;
				CLANG_WARN_QUOTED_INCLUDE_IN_FRAMEWORK_HEADER = YES;
				CLANG_WARN_RANGE_LOOP_ANALYSIS = YES;
				CLANG_WARN_STRICT_PROTOTYPES = YES;
				CLANG_WARN_SUSPICIOUS_MOVE = YES;
				CLANG_WARN_UNGUARDED_AVAILABILITY = YES_AGGRESSIVE;
				CLANG_WARN_UNREACHABLE_CODE = YES;
				CLANG_WARN__DUPLICATE_METHOD_MATCH = YES;
				COPY_PHASE_STRIP = NO;
				DEBUG_INFORMATION_FORMAT = "dwarf-with-dsym";
				ENABLE_NS_ASSERTIONS = NO;
				ENABLE_STRICT_OBJC_MSGSEND = YES;
				GCC_C_LANGUAGE_STANDARD = gnu11;
				GCC_NO_COMMON_BLOCKS = YES;
				GCC_WARN_64_TO_32_BIT_CONVERSION = YES;
				GCC_WARN_ABOUT_RETURN_TYPE = YES_ERROR;
				GCC_WARN_UNDECLARED_SELECTOR = YES;
				GCC_WARN_UNINITIALIZED_AUTOS = YES_AGGRESSIVE;
				GCC_WARN_UNUSED_FUNCTION = YES;
				GCC_WARN_UNUSED_VARIABLE = YES;
				IPHONEOS_DEPLOYMENT_TARGET = 15.0;
				MTL_ENABLE_DEBUG_INFO = NO;
				MTL_FAST_MATH = YES;
				SDKROOT = iphoneos;
				SWIFT_COMPILATION_MODE = wholemodule;
				SWIFT_OPTIMIZATION_LEVEL = "-O";
				VALIDATE_PRODUCT = YES;
			};
			name = Release;
		};
		3BF7C20C277E6BA1003CA5F9 /* Debug */ = {
			isa = XCBuildConfiguration;
			buildSettings = {
				ASSETCATALOG_COMPILER_APPICON_NAME = AppIcon;
				ASSETCATALOG_COMPILER_GLOBAL_ACCENT_COLOR_NAME = AccentColor;
				CODE_SIGN_ENTITLEMENTS = RoutineReminder/RoutineReminder.entitlements;
				CODE_SIGN_STYLE = Automatic;
				CURRENT_PROJECT_VERSION = 1;
				DEVELOPMENT_ASSET_PATHS = "\"RoutineReminder/Preview Content\"";
				DEVELOPMENT_TEAM = QR7WDH4LZ3;
				ENABLE_PREVIEWS = YES;
				GENERATE_INFOPLIST_FILE = YES;
				INFOPLIST_FILE = RoutineReminder/Info.plist;
				INFOPLIST_KEY_CFBundleDisplayName = RoutineReminder;
				INFOPLIST_KEY_UIApplicationSceneManifest_Generation = YES;
				INFOPLIST_KEY_UIApplicationSupportsIndirectInputEvents = YES;
				INFOPLIST_KEY_UILaunchScreen_Generation = YES;
				INFOPLIST_KEY_UISupportedInterfaceOrientations = "";
				INFOPLIST_KEY_UISupportedInterfaceOrientations_iPad = "UIInterfaceOrientationPortrait UIInterfaceOrientationPortraitUpsideDown UIInterfaceOrientationLandscapeLeft UIInterfaceOrientationLandscapeRight";
				INFOPLIST_KEY_UISupportedInterfaceOrientations_iPhone = "UIInterfaceOrientationPortrait UIInterfaceOrientationLandscapeLeft UIInterfaceOrientationLandscapeRight";
				LD_RUNPATH_SEARCH_PATHS = (
					"$(inherited)",
					"@executable_path/Frameworks",
				);
				MARKETING_VERSION = 1.3;
				PRODUCT_BUNDLE_IDENTIFIER = "com.gmail-altamimiy89.RoutineReminder";
				PRODUCT_NAME = "$(TARGET_NAME)";
				SWIFT_EMIT_LOC_STRINGS = YES;
				SWIFT_VERSION = 5.0;
				TARGETED_DEVICE_FAMILY = 1;
			};
			name = Debug;
		};
		3BF7C20D277E6BA1003CA5F9 /* Release */ = {
			isa = XCBuildConfiguration;
			buildSettings = {
				ASSETCATALOG_COMPILER_APPICON_NAME = AppIcon;
				ASSETCATALOG_COMPILER_GLOBAL_ACCENT_COLOR_NAME = AccentColor;
				CODE_SIGN_ENTITLEMENTS = RoutineReminder/RoutineReminder.entitlements;
				CODE_SIGN_STYLE = Automatic;
				CURRENT_PROJECT_VERSION = 1;
				DEVELOPMENT_ASSET_PATHS = "\"RoutineReminder/Preview Content\"";
				DEVELOPMENT_TEAM = QR7WDH4LZ3;
				ENABLE_PREVIEWS = YES;
				GENERATE_INFOPLIST_FILE = YES;
				INFOPLIST_FILE = RoutineReminder/Info.plist;
				INFOPLIST_KEY_CFBundleDisplayName = RoutineReminder;
				INFOPLIST_KEY_UIApplicationSceneManifest_Generation = YES;
				INFOPLIST_KEY_UIApplicationSupportsIndirectInputEvents = YES;
				INFOPLIST_KEY_UILaunchScreen_Generation = YES;
				INFOPLIST_KEY_UISupportedInterfaceOrientations = "";
				INFOPLIST_KEY_UISupportedInterfaceOrientations_iPad = "UIInterfaceOrientationPortrait UIInterfaceOrientationPortraitUpsideDown UIInterfaceOrientationLandscapeLeft UIInterfaceOrientationLandscapeRight";
				INFOPLIST_KEY_UISupportedInterfaceOrientations_iPhone = "UIInterfaceOrientationPortrait UIInterfaceOrientationLandscapeLeft UIInterfaceOrientationLandscapeRight";
				LD_RUNPATH_SEARCH_PATHS = (
					"$(inherited)",
					"@executable_path/Frameworks",
				);
				MARKETING_VERSION = 1.3;
				PRODUCT_BUNDLE_IDENTIFIER = "com.gmail-altamimiy89.RoutineReminder";
				PRODUCT_NAME = "$(TARGET_NAME)";
				SWIFT_EMIT_LOC_STRINGS = YES;
				SWIFT_VERSION = 5.0;
				TARGETED_DEVICE_FAMILY = 1;
			};
			name = Release;
		};
/* End XCBuildConfiguration section */

/* Begin XCConfigurationList section */
		3BF7C1F8277E6BA0003CA5F9 /* Build configuration list for PBXProject "RoutineReminder" */ = {
			isa = XCConfigurationList;
			buildConfigurations = (
				3BF7C209277E6BA1003CA5F9 /* Debug */,
				3BF7C20A277E6BA1003CA5F9 /* Release */,
			);
			defaultConfigurationIsVisible = 0;
			defaultConfigurationName = Release;
		};
		3BF7C20B277E6BA1003CA5F9 /* Build configuration list for PBXNativeTarget "RoutineReminder" */ = {
			isa = XCConfigurationList;
			buildConfigurations = (
				3BF7C20C277E6BA1003CA5F9 /* Debug */,
				3BF7C20D277E6BA1003CA5F9 /* Release */,
			);
			defaultConfigurationIsVisible = 0;
			defaultConfigurationName = Release;
		};
/* End XCConfigurationList section */

/* Begin XCVersionGroup section */
		3BF7C217277E7C3F003CA5F9 /* Main.xcdatamodeld */ = {
			isa = XCVersionGroup;
			children = (
				3BF7C218277E7C3F003CA5F9 /* Main.xcdatamodel */,
			);
			currentVersion = 3BF7C218277E7C3F003CA5F9 /* Main.xcdatamodel */;
			path = Main.xcdatamodeld;
			sourceTree = "<group>";
			versionGroupType = wrapper.xcdatamodel;
		};
/* End XCVersionGroup section */
	};
	rootObject = 3BF7C1F5277E6BA0003CA5F9 /* Project object */;
}
